// !$*UTF8*$!
{
	archiveVersion = 1;
	classes = {
	};
	objectVersion = 77;
	objects = {

/* Begin PBXContainerItemProxy section */
		80A10E952EBA3AEB0001EF1E /* PBXContainerItemProxy */ = {
			isa = PBXContainerItemProxy;
			containerPortal = 80A10E7F2EBA3AE90001EF1E /* Project object */;
			proxyType = 1;
			remoteGlobalIDString = 80A10E862EBA3AE90001EF1E;
			remoteInfo = VideoPlayerApp;
		};
		80A10E9F2EBA3AEB0001EF1E /* PBXContainerItemProxy */ = {
			isa = PBXContainerItemProxy;
			containerPortal = 80A10E7F2EBA3AE90001EF1E /* Project object */;
			proxyType = 1;
			remoteGlobalIDString = 80A10E862EBA3AE90001EF1E;
			remoteInfo = VideoPlayerApp;
		};
/* End PBXContainerItemProxy section */

/* Begin PBXFileReference section */
		80A10E872EBA3AE90001EF1E /* VideoPlayerApp.app */ = {isa = PBXFileReference; explicitFileType = wrapper.application; includeInIndex = 0; path = VideoPlayerApp.app; sourceTree = BUILT_PRODUCTS_DIR; };
		80A10E942EBA3AEB0001EF1E /* VideoPlayerAppTests.xctest */ = {isa = PBXFileReference; explicitFileType = wrapper.cfbundle; includeInIndex = 0; path = VideoPlayerAppTests.xctest; sourceTree = BUILT_PRODUCTS_DIR; };
		80A10E9E2EBA3AEB0001EF1E /* VideoPlayerAppUITests.xctest */ = {isa = PBXFileReference; explicitFileType = wrapper.cfbundle; includeInIndex = 0; path = VideoPlayerAppUITests.xctest; sourceTree = BUILT_PRODUCTS_DIR; };
/* End PBXFileReference section */

/* Begin PBXFileSystemSynchronizedRootGroup section */
		80A10E892EBA3AE90001EF1E /* VideoPlayerApp */ = {
			isa = PBXFileSystemSynchronizedRootGroup;
			path = VideoPlayerApp;
			sourceTree = "<group>";
		};
		80A10E972EBA3AEB0001EF1E /* VideoPlayerAppTests */ = {
			isa = PBXFileSystemSynchronizedRootGroup;
			path = VideoPlayerAppTests;
			sourceTree = "<group>";
		};
		80A10EA12EBA3AEB0001EF1E /* VideoPlayerAppUITests */ = {
			isa = PBXFileSystemSynchronizedRootGroup;
			path = VideoPlayerAppUITests;
			sourceTree = "<group>";
		};
/* End PBXFileSystemSynchronizedRootGroup section */

/* Begin PBXFrameworksBuildPhase section */
		80A10E842EBA3AE90001EF1E /* Frameworks */ = {
			isa = PBXFrameworksBuildPhase;
			buildActionMask = 2147483647;
			files = (
			);
			runOnlyForDeploymentPostprocessing = 0;
		};
		80A10E912EBA3AEB0001EF1E /* Frameworks */ = {
			isa = PBXFrameworksBuildPhase;
			buildActionMask = 2147483647;
			files = (
			);
			runOnlyForDeploymentPostprocessing = 0;
		};
		80A10E9B2EBA3AEB0001EF1E /* Frameworks */ = {
			isa = PBXFrameworksBuildPhase;
			buildActionMask = 2147483647;
			files = (
			);
			runOnlyForDeploymentPostprocessing = 0;
		};
/* End PBXFrameworksBuildPhase section */

/* Begin PBXGroup section */
		80A10E7E2EBA3AE90001EF1E = {
			isa = PBXGroup;
			children = (
				80A10E892EBA3AE90001EF1E /* VideoPlayerApp */,
				80A10E972EBA3AEB0001EF1E /* VideoPlayerAppTests */,
				80A10EA12EBA3AEB0001EF1E /* VideoPlayerAppUITests */,
				80A10E882EBA3AE90001EF1E /* Products */,
			);
			sourceTree = "<group>";
		};
		80A10E882EBA3AE90001EF1E /* Products */ = {
			isa = PBXGroup;
			children = (
				80A10E872EBA3AE90001EF1E /* VideoPlayerApp.app */,
				80A10E942EBA3AEB0001EF1E /* VideoPlayerAppTests.xctest */,
				80A10E9E2EBA3AEB0001EF1E /* VideoPlayerAppUITests.xctest */,
			);
			name = Products;
			sourceTree = "<group>";
		};
/* End PBXGroup section */

/* Begin PBXNativeTarget section */
		80A10E862EBA3AE90001EF1E /* VideoPlayerApp */ = {
			isa = PBXNativeTarget;
			buildConfigurationList = 80A10EA82EBA3AEB0001EF1E /* Build configuration list for PBXNativeTarget "VideoPlayerApp" */;
			buildPhases = (
				80A10E832EBA3AE90001EF1E /* Sources */,
				80A10E842EBA3AE90001EF1E /* Frameworks */,
				80A10E852EBA3AE90001EF1E /* Resources */,
			);
			buildRules = (
			);
			dependencies = (
			);
			fileSystemSynchronizedGroups = (
				80A10E892EBA3AE90001EF1E /* VideoPlayerApp */,
			);
			name = VideoPlayerApp;
			packageProductDependencies = (
			);
			productName = VideoPlayerApp;
			productReference = 80A10E872EBA3AE90001EF1E /* VideoPlayerApp.app */;
			productType = "com.apple.product-type.application";
		};
		80A10E932EBA3AEB0001EF1E /* VideoPlayerAppTests */ = {
			isa = PBXNativeTarget;
			buildConfigurationList = 80A10EAB2EBA3AEB0001EF1E /* Build configuration list for PBXNativeTarget "VideoPlayerAppTests" */;
			buildPhases = (
				80A10E902EBA3AEB0001EF1E /* Sources */,
				80A10E912EBA3AEB0001EF1E /* Frameworks */,
				80A10E922EBA3AEB0001EF1E /* Resources */,
			);
			buildRules = (
			);
			dependencies = (
				80A10E962EBA3AEB0001EF1E /* PBXTargetDependency */,
			);
			fileSystemSynchronizedGroups = (
				80A10E972EBA3AEB0001EF1E /* VideoPlayerAppTests */,
			);
			name = VideoPlayerAppTests;
			packageProductDependencies = (
			);
			productName = VideoPlayerAppTests;
			productReference = 80A10E942EBA3AEB0001EF1E /* VideoPlayerAppTests.xctest */;
			productType = "com.apple.product-type.bundle.unit-test";
		};
		80A10E9D2EBA3AEB0001EF1E /* VideoPlayerAppUITests */ = {
			isa = PBXNativeTarget;
			buildConfigurationList = 80A10EAE2EBA3AEB0001EF1E /* Build configuration list for PBXNativeTarget "VideoPlayerAppUITests" */;
			buildPhases = (
				80A10E9A2EBA3AEB0001EF1E /* Sources */,
				80A10E9B2EBA3AEB0001EF1E /* Frameworks */,
				80A10E9C2EBA3AEB0001EF1E /* Resources */,
			);
			buildRules = (
			);
			dependencies = (
				80A10EA02EBA3AEB0001EF1E /* PBXTargetDependency */,
			);
			fileSystemSynchronizedGroups = (
				80A10EA12EBA3AEB0001EF1E /* VideoPlayerAppUITests */,
			);
			name = VideoPlayerAppUITests;
			packageProductDependencies = (
			);
			productName = VideoPlayerAppUITests;
			productReference = 80A10E9E2EBA3AEB0001EF1E /* VideoPlayerAppUITests.xctest */;
			productType = "com.apple.product-type.bundle.ui-testing";
		};
/* End PBXNativeTarget section */

/* Begin PBXProject section */
		80A10E7F2EBA3AE90001EF1E /* Project object */ = {
			isa = PBXProject;
			attributes = {
				BuildIndependentTargetsInParallel = 1;
				LastSwiftUpdateCheck = 1640;
				LastUpgradeCheck = 1640;
				TargetAttributes = {
					80A10E862EBA3AE90001EF1E = {
						CreatedOnToolsVersion = 16.4;
					};
					80A10E932EBA3AEB0001EF1E = {
						CreatedOnToolsVersion = 16.4;
						TestTargetID = 80A10E862EBA3AE90001EF1E;
					};
					80A10E9D2EBA3AEB0001EF1E = {
						CreatedOnToolsVersion = 16.4;
						TestTargetID = 80A10E862EBA3AE90001EF1E;
					};
				};
			};
			buildConfigurationList = 80A10E822EBA3AE90001EF1E /* Build configuration list for PBXProject "VideoPlayerApp" */;
			developmentRegion = en;
			hasScannedForEncodings = 0;
			knownRegions = (
				en,
				Base,
			);
			mainGroup = 80A10E7E2EBA3AE90001EF1E;
			minimizedProjectReferenceProxies = 1;
			preferredProjectObjectVersion = 77;
			productRefGroup = 80A10E882EBA3AE90001EF1E /* Products */;
			projectDirPath = "";
			projectRoot = "";
			targets = (
				80A10E862EBA3AE90001EF1E /* VideoPlayerApp */,
				80A10E932EBA3AEB0001EF1E /* VideoPlayerAppTests */,
				80A10E9D2EBA3AEB0001EF1E /* VideoPlayerAppUITests */,
			);
		};
/* End PBXProject section */

/* Begin PBXResourcesBuildPhase section */
		80A10E852EBA3AE90001EF1E /* Resources */ = {
			isa = PBXResourcesBuildPhase;
			buildActionMask = 2147483647;
			files = (
			);
			runOnlyForDeploymentPostprocessing = 0;
		};
		80A10E922EBA3AEB0001EF1E /* Resources */ = {
			isa = PBXResourcesBuildPhase;
			buildActionMask = 2147483647;
			files = (
			);
			runOnlyForDeploymentPostprocessing = 0;
		};
		80A10E9C2EBA3AEB0001EF1E /* Resources */ = {
			isa = PBXResourcesBuildPhase;
			buildActionMask = 2147483647;
			files = (
			);
			runOnlyForDeploymentPostprocessing = 0;
		};
/* End PBXResourcesBuildPhase section */

/* Begin PBXSourcesBuildPhase section */
		80A10E832EBA3AE90001EF1E /* Sources */ = {
			isa = PBXSourcesBuildPhase;
			buildActionMask = 2147483647;
			files = (
			);
			runOnlyForDeploymentPostprocessing = 0;
		};
		80A10E902EBA3AEB0001EF1E /* Sources */ = {
			isa = PBXSourcesBuildPhase;
			buildActionMask = 2147483647;
			files = (
			);
			runOnlyForDeploymentPostprocessing = 0;
		};
		80A10E9A2EBA3AEB0001EF1E /* Sources */ = {
			isa = PBXSourcesBuildPhase;
			buildActionMask = 2147483647;
			files = (
			);
			runOnlyForDeploymentPostprocessing = 0;
		};
/* End PBXSourcesBuildPhase section */

/* Begin PBXTargetDependency section */
		80A10E962EBA3AEB0001EF1E /* PBXTargetDependency */ = {
			isa = PBXTargetDependency;
			target = 80A10E862EBA3AE90001EF1E /* VideoPlayerApp */;
			targetProxy = 80A10E952EBA3AEB0001EF1E /* PBXContainerItemProxy */;
		};
		80A10EA02EBA3AEB0001EF1E /* PBXTargetDependency */ = {
			isa = PBXTargetDependency;
			target = 80A10E862EBA3AE90001EF1E /* VideoPlayerApp */;
			targetProxy = 80A10E9F2EBA3AEB0001EF1E /* PBXContainerItemProxy */;
		};
/* End PBXTargetDependency section */

/* Begin XCBuildConfiguration section */
		80A10EA62EBA3AEB0001EF1E /* Debug */ = {
			isa = XCBuildConfiguration;
			buildSettings = {
				ALWAYS_SEARCH_USER_PATHS = NO;
				ASSETCATALOG_COMPILER_GENERATE_SWIFT_ASSET_SYMBOL_EXTENSIONS = YES;
				CLANG_ANALYZER_NONNULL = YES;
				CLANG_ANALYZER_NUMBER_OBJECT_CONVERSION = YES_AGGRESSIVE;
				CLANG_CXX_LANGUAGE_STANDARD = "gnu++20";
				CLANG_ENABLE_MODULES = YES;
				CLANG_ENABLE_OBJC_ARC = YES;
				CLANG_ENABLE_OBJC_WEAK = YES;
				CLANG_WARN_BLOCK_CAPTURE_AUTORELEASING = YES;
				CLANG_WARN_BOOL_CONVERSION = YES;
				CLANG_WARN_COMMA = YES;
				CLANG_WARN_CONSTANT_CONVERSION = YES;
				CLANG_WARN_DEPRECATED_OBJC_IMPLEMENTATIONS = YES;
				CLANG_WARN_DIRECT_OBJC_ISA_USAGE = YES_ERROR;
				CLANG_WARN_DOCUMENTATION_COMMENTS = YES;
				CLANG_WARN_EMPTY_BODY = YES;
				CLANG_WARN_ENUM_CONVERSION = YES;
				CLANG_WARN_INFINITE_RECURSION = YES;
				CLANG_WARN_INT_CONVERSION = YES;
				CLANG_WARN_NON_LITERAL_NULL_CONVERSION = YES;
				CLANG_WARN_OBJC_IMPLICIT_RETAIN_SELF = YES;
				CLANG_WARN_OBJC_LITERAL_CONVERSION = YES;
				CLANG_WARN_OBJC_ROOT_CLASS = YES_ERROR;
				CLANG_WARN_QUOTED_INCLUDE_IN_FRAMEWORK_HEADER = YES;
				CLANG_WARN_RANGE_LOOP_ANALYSIS = YES;
				CLANG_WARN_STRICT_PROTOTYPES = YES;
				CLANG_WARN_SUSPICIOUS_MOVE = YES;
				CLANG_WARN_UNGUARDED_AVAILABILITY = YES_AGGRESSIVE;
				CLANG_WARN_UNREACHABLE_CODE = YES;
				CLANG_WARN__DUPLICATE_METHOD_MATCH = YES;
				COPY_PHASE_STRIP = NO;
				DEBUG_INFORMATION_FORMAT = dwarf;
				ENABLE_STRICT_OBJC_MSGSEND = YES;
				ENABLE_TESTABILITY = YES;
				ENABLE_USER_SCRIPT_SANDBOXING = YES;
				GCC_C_LANGUAGE_STANDARD = gnu17;
				GCC_DYNAMIC_NO_PIC = NO;
				GCC_NO_COMMON_BLOCKS = YES;
				GCC_OPTIMIZATION_LEVEL = 0;
				GCC_PREPROCESSOR_DEFINITIONS = (
					"DEBUG=1",
					"$(inherited)",
				);
				GCC_WARN_64_TO_32_BIT_CONVERSION = YES;
				GCC_WARN_ABOUT_RETURN_TYPE = YES_ERROR;
				GCC_WARN_UNDECLARED_SELECTOR = YES;
				GCC_WARN_UNINITIALIZED_AUTOS = YES_AGGRESSIVE;
				GCC_WARN_UNUSED_FUNCTION = YES;
				GCC_WARN_UNUSED_VARIABLE = YES;
				IPHONEOS_DEPLOYMENT_TARGET = 18.5;
				LOCALIZATION_PREFERS_STRING_CATALOGS = YES;
				MTL_ENABLE_DEBUG_INFO = INCLUDE_SOURCE;
				MTL_FAST_MATH = YES;
				ONLY_ACTIVE_ARCH = YES;
				SDKROOT = iphoneos;
				SWIFT_ACTIVE_COMPILATION_CONDITIONS = "DEBUG $(inherited)";
				SWIFT_OPTIMIZATION_LEVEL = "-Onone";
			};
			name = Debug;
		};
		80A10EA72EBA3AEB0001EF1E /* Release */ = {
			isa = XCBuildConfiguration;
			buildSettings = {
				ALWAYS_SEARCH_USER_PATHS = NO;
				ASSETCATALOG_COMPILER_GENERATE_SWIFT_ASSET_SYMBOL_EXTENSIONS = YES;
				CLANG_ANALYZER_NONNULL = YES;
				CLANG_ANALYZER_NUMBER_OBJECT_CONVERSION = YES_AGGRESSIVE;
				CLANG_CXX_LANGUAGE_STANDARD = "gnu++20";
				CLANG_ENABLE_MODULES = YES;
				CLANG_ENABLE_OBJC_ARC = YES;
				CLANG_ENABLE_OBJC_WEAK = YES;
				CLANG_WARN_BLOCK_CAPTURE_AUTORELEASING = YES;
				CLANG_WARN_BOOL_CONVERSION = YES;
				CLANG_WARN_COMMA = YES;
				CLANG_WARN_CONSTANT_CONVERSION = YES;
				CLANG_WARN_DEPRECATED_OBJC_IMPLEMENTATIONS = YES;
				CLANG_WARN_DIRECT_OBJC_ISA_USAGE = YES_ERROR;
				CLANG_WARN_DOCUMENTATION_COMMENTS = YES;
				CLANG_WARN_EMPTY_BODY = YES;
				CLANG_WARN_ENUM_CONVERSION = YES;
				CLANG_WARN_INFINITE_RECURSION = YES;
				CLANG_WARN_INT_CONVERSION = YES;
				CLANG_WARN_NON_LITERAL_NULL_CONVERSION = YES;
				CLANG_WARN_OBJC_IMPLICIT_RETAIN_SELF = YES;
				CLANG_WARN_OBJC_LITERAL_CONVERSION = YES;
				CLANG_WARN_OBJC_ROOT_CLASS = YES_ERROR;
				CLANG_WARN_QUOTED_INCLUDE_IN_FRAMEWORK_HEADER = YES;
				CLANG_WARN_RANGE_LOOP_ANALYSIS = YES;
				CLANG_WARN_STRICT_PROTOTYPES = YES;
				CLANG_WARN_SUSPICIOUS_MOVE = YES;
				CLANG_WARN_UNGUARDED_AVAILABILITY = YES_AGGRESSIVE;
				CLANG_WARN_UNREACHABLE_CODE = YES;
				CLANG_WARN__DUPLICATE_METHOD_MATCH = YES;
				COPY_PHASE_STRIP = NO;
				DEBUG_INFORMATION_FORMAT = "dwarf-with-dsym";
				ENABLE_NS_ASSERTIONS = NO;
				ENABLE_STRICT_OBJC_MSGSEND = YES;
				ENABLE_USER_SCRIPT_SANDBOXING = YES;
				GCC_C_LANGUAGE_STANDARD = gnu17;
				GCC_NO_COMMON_BLOCKS = YES;
				GCC_WARN_64_TO_32_BIT_CONVERSION = YES;
				GCC_WARN_ABOUT_RETURN_TYPE = YES_ERROR;
				GCC_WARN_UNDECLARED_SELECTOR = YES;
				GCC_WARN_UNINITIALIZED_AUTOS = YES_AGGRESSIVE;
				GCC_WARN_UNUSED_FUNCTION = YES;
				GCC_WARN_UNUSED_VARIABLE = YES;
				IPHONEOS_DEPLOYMENT_TARGET = 18.5;
				LOCALIZATION_PREFERS_STRING_CATALOGS = YES;
				MTL_ENABLE_DEBUG_INFO = NO;
				MTL_FAST_MATH = YES;
				SDKROOT = iphoneos;
				SWIFT_COMPILATION_MODE = wholemodule;
				VALIDATE_PRODUCT = YES;
			};
			name = Release;
		};
		80A10EA92EBA3AEB0001EF1E /* Debug */ = {
			isa = XCBuildConfiguration;
			buildSettings = {
				ASSETCATALOG_COMPILER_APPICON_NAME = AppIcon;
				ASSETCATALOG_COMPILER_GLOBAL_ACCENT_COLOR_NAME = AccentColor;
				CODE_SIGN_STYLE = Automatic;
				CURRENT_PROJECT_VERSION = 1;
				ENABLE_PREVIEWS = YES;
				GENERATE_INFOPLIST_FILE = YES;
				INFOPLIST_KEY_UIApplicationSceneManifest_Generation = YES;
				INFOPLIST_KEY_UIApplicationSupportsIndirectInputEvents = YES;
				INFOPLIST_KEY_UILaunchScreen_Generation = YES;
				INFOPLIST_KEY_UISupportedInterfaceOrientations_iPad = "UIInterfaceOrientationPortrait UIInterfaceOrientationPortraitUpsideDown UIInterfaceOrientationLandscapeLeft UIInterfaceOrientationLandscapeRight";
				INFOPLIST_KEY_UISupportedInterfaceOrientations_iPhone = "UIInterfaceOrientationPortrait UIInterfaceOrientationLandscapeLeft UIInterfaceOrientationLandscapeRight";
				LD_RUNPATH_SEARCH_PATHS = (
					"$(inherited)",
					"@executable_path/Frameworks",
				);
				MARKETING_VERSION = 1.0;
				PRODUCT_BUNDLE_IDENTIFIER = com.triosdj.VideoPlayerApp;
				PRODUCT_NAME = "$(TARGET_NAME)";
				SWIFT_EMIT_LOC_STRINGS = YES;
				SWIFT_VERSION = 5.0;
				TARGETED_DEVICE_FAMILY = "1,2";
			};
			name = Debug;
		};
		80A10EAA2EBA3AEB0001EF1E /* Release */ = {
			isa = XCBuildConfiguration;
			buildSettings = {
				ASSETCATALOG_COMPILER_APPICON_NAME = AppIcon;
				ASSETCATALOG_COMPILER_GLOBAL_ACCENT_COLOR_NAME = AccentColor;
				CODE_SIGN_STYLE = Automatic;
				CURRENT_PROJECT_VERSION = 1;
				ENABLE_PREVIEWS = YES;
				GENERATE_INFOPLIST_FILE = YES;
				INFOPLIST_KEY_UIApplicationSceneManifest_Generation = YES;
				INFOPLIST_KEY_UIApplicationSupportsIndirectInputEvents = YES;
				INFOPLIST_KEY_UILaunchScreen_Generation = YES;
				INFOPLIST_KEY_UISupportedInterfaceOrientations_iPad = "UIInterfaceOrientationPortrait UIInterfaceOrientationPortraitUpsideDown UIInterfaceOrientationLandscapeLeft UIInterfaceOrientationLandscapeRight";
				INFOPLIST_KEY_UISupportedInterfaceOrientations_iPhone = "UIInterfaceOrientationPortrait UIInterfaceOrientationLandscapeLeft UIInterfaceOrientationLandscapeRight";
				LD_RUNPATH_SEARCH_PATHS = (
					"$(inherited)",
					"@executable_path/Frameworks",
				);
				MARKETING_VERSION = 1.0;
				PRODUCT_BUNDLE_IDENTIFIER = com.triosdj.VideoPlayerApp;
				PRODUCT_NAME = "$(TARGET_NAME)";
				SWIFT_EMIT_LOC_STRINGS = YES;
				SWIFT_VERSION = 5.0;
				TARGETED_DEVICE_FAMILY = "1,2";
			};
			name = Release;
		};
		80A10EAC2EBA3AEB0001EF1E /* Debug */ = {
			isa = XCBuildConfiguration;
			buildSettings = {
				BUNDLE_LOADER = "$(TEST_HOST)";
				CODE_SIGN_STYLE = Automatic;
				CURRENT_PROJECT_VERSION = 1;
				GENERATE_INFOPLIST_FILE = YES;
				IPHONEOS_DEPLOYMENT_TARGET = 18.5;
				MARKETING_VERSION = 1.0;
				PRODUCT_BUNDLE_IDENTIFIER = com.triosdj.VideoPlayerAppTests;
				PRODUCT_NAME = "$(TARGET_NAME)";
				SWIFT_EMIT_LOC_STRINGS = NO;
				SWIFT_VERSION = 5.0;
				TARGETED_DEVICE_FAMILY = "1,2";
				TEST_HOST = "$(BUILT_PRODUCTS_DIR)/VideoPlayerApp.app/$(BUNDLE_EXECUTABLE_FOLDER_PATH)/VideoPlayerApp";
			};
			name = Debug;
		};
		80A10EAD2EBA3AEB0001EF1E /* Release */ = {
			isa = XCBuildConfiguration;
			buildSettings = {
				BUNDLE_LOADER = "$(TEST_HOST)";
				CODE_SIGN_STYLE = Automatic;
				CURRENT_PROJECT_VERSION = 1;
				GENERATE_INFOPLIST_FILE = YES;
				IPHONEOS_DEPLOYMENT_TARGET = 18.5;
				MARKETING_VERSION = 1.0;
				PRODUCT_BUNDLE_IDENTIFIER = com.triosdj.VideoPlayerAppTests;
				PRODUCT_NAME = "$(TARGET_NAME)";
				SWIFT_EMIT_LOC_STRINGS = NO;
				SWIFT_VERSION = 5.0;
				TARGETED_DEVICE_FAMILY = "1,2";
				TEST_HOST = "$(BUILT_PRODUCTS_DIR)/VideoPlayerApp.app/$(BUNDLE_EXECUTABLE_FOLDER_PATH)/VideoPlayerApp";
			};
			name = Release;
		};
		80A10EAF2EBA3AEB0001EF1E /* Debug */ = {
			isa = XCBuildConfiguration;
			buildSettings = {
				CODE_SIGN_STYLE = Automatic;
				CURRENT_PROJECT_VERSION = 1;
				GENERATE_INFOPLIST_FILE = YES;
				MARKETING_VERSION = 1.0;
				PRODUCT_BUNDLE_IDENTIFIER = com.triosdj.VideoPlayerAppUITests;
				PRODUCT_NAME = "$(TARGET_NAME)";
				SWIFT_EMIT_LOC_STRINGS = NO;
				SWIFT_VERSION = 5.0;
				TARGETED_DEVICE_FAMILY = "1,2";
				TEST_TARGET_NAME = VideoPlayerApp;
			};
			name = Debug;
		};
		80A10EB02EBA3AEB0001EF1E /* Release */ = {
			isa = XCBuildConfiguration;
			buildSettings = {
				CODE_SIGN_STYLE = Automatic;
				CURRENT_PROJECT_VERSION = 1;
				GENERATE_INFOPLIST_FILE = YES;
				MARKETING_VERSION = 1.0;
				PRODUCT_BUNDLE_IDENTIFIER = com.triosdj.VideoPlayerAppUITests;
				PRODUCT_NAME = "$(TARGET_NAME)";
				SWIFT_EMIT_LOC_STRINGS = NO;
				SWIFT_VERSION = 5.0;
				TARGETED_DEVICE_FAMILY = "1,2";
				TEST_TARGET_NAME = VideoPlayerApp;
			};
			name = Release;
		};
/* End XCBuildConfiguration section */

/* Begin XCConfigurationList section */
		80A10E822EBA3AE90001EF1E /* Build configuration list for PBXProject "VideoPlayerApp" */ = {
			isa = XCConfigurationList;
			buildConfigurations = (
				80A10EA62EBA3AEB0001EF1E /* Debug */,
				80A10EA72EBA3AEB0001EF1E /* Release */,
			);
			defaultConfigurationIsVisible = 0;
			defaultConfigurationName = Release;
		};
		80A10EA82EBA3AEB0001EF1E /* Build configuration list for PBXNativeTarget "VideoPlayerApp" */ = {
			isa = XCConfigurationList;
			buildConfigurations = (
				80A10EA92EBA3AEB0001EF1E /* Debug */,
				80A10EAA2EBA3AEB0001EF1E /* Release */,
			);
			defaultConfigurationIsVisible = 0;
			defaultConfigurationName = Release;
		};
		80A10EAB2EBA3AEB0001EF1E /* Build configuration list for PBXNativeTarget "VideoPlayerAppTests" */ = {
			isa = XCConfigurationList;
			buildConfigurations = (
				80A10EAC2EBA3AEB0001EF1E /* Debug */,
				80A10EAD2EBA3AEB0001EF1E /* Release */,
			);
			defaultConfigurationIsVisible = 0;
			defaultConfigurationName = Release;
		};
		80A10EAE2EBA3AEB0001EF1E /* Build configuration list for PBXNativeTarget "VideoPlayerAppUITests" */ = {
			isa = XCConfigurationList;
			buildConfigurations = (
				80A10EAF2EBA3AEB0001EF1E /* Debug */,
				80A10EB02EBA3AEB0001EF1E /* Release */,
			);
			defaultConfigurationIsVisible = 0;
			defaultConfigurationName = Release;
		};
/* End XCConfigurationList section */
	};
	rootObject = 80A10E7F2EBA3AE90001EF1E /* Project object */;
}
